
Microsoft Visual Studio Solution File, Format Version 12.00
# Visual Studio Version 16
VisualStudioVersion = 16.0.28606.126
MinimumVisualStudioVersion = 10.0.40219.1
Project("{FAE04EC0-301F-11D3-BF4B-00C04F79EFBC}") = "ComboDataGrid", "ComboDataGrid\ComboDataGrid.csproj", "{00F38DCA-AD3A-4FDA-AC1A-1BB8EB283DFF}"
EndProject
Global
	GlobalSection(SolutionConfigurationPlatforms) = preSolution
		Debug|Any CPU = Debug|Any CPU
		Release|Any CPU = Release|Any CPU
	EndGlobalSection
	GlobalSection(ProjectConfigurationPlatforms) = postSolution
		{00F38DCA-AD3A-4FDA-AC1A-1BB8EB283DFF}.Debug|Any CPU.ActiveCfg = Debug|Any CPU
		{00F38DCA-AD3A-4FDA-AC1A-1BB8EB283DFF}.Debug|Any CPU.Build.0 = Debug|Any CPU
		{00F38DCA-AD3A-4FDA-AC1A-1BB8EB283DFF}.Release|Any CPU.ActiveCfg = Release|Any CPU
		{00F38DCA-AD3A-4FDA-AC1A-1BB8EB283DFF}.Release|Any CPU.Build.0 = Release|Any CPU
	EndGlobalSection
	GlobalSection(SolutionProperties) = preSolution
		HideSolutionNode = FALSE
	EndGlobalSection
	GlobalSection(ExtensibilityGlobals) = postSolution
		SolutionGuid = {898AB39B-8BE9-4451-8B2F-9CFCF2CDBEF1}
	EndGlobalSection
EndGlobal
